{
  "requires": true,
  "lockfileVersion": 1,
  "dependencies": {
    "@types/stripe-v3": {
      "version": "3.1.15",
      "resolved": "https://registry.npmjs.org/@types/stripe-v3/-/stripe-v3-3.1.15.tgz",
      "integrity": "sha512-k+AxjPWm5YvI6UnNN2ZMglfAWGh2/1u/2qOItzeYAn3qiJcKCUCIoGOVN/MXJFGzNVLULw6qkO/CAJa+UJ54bg==",
      "dev": true
    },
    "ngx-stripe": {
      "version": "7.4.4",
      "resolved": "https://registry.npmjs.org/ngx-stripe/-/ngx-stripe-7.4.4.tgz",
      "integrity": "sha512-uLuTjtYDIkeBYuzMyjiU36a0ZAAeA5Qi8lZBE+JtQvtQMBpbzluO82GvyKRtMJ08VaP4T6oswPoiGPeigaLr1g==",
      "requires": {
        "tslib": "^1.9.0"
      }
    },
    "tslib": {
      "version": "1.10.0",
      "resolved": "https://registry.npmjs.org/tslib/-/tslib-1.10.0.tgz",
      "integrity": "sha512-qOebF53frne81cf0S9B41ByenJ3/IuH8yJKngAX35CmiZySA0khhkovshKK+jGCaMnVomla7gVlIcc3EvKPbTQ=="
    }
  }
}
